{
  "name": "textkit",
  "version": "0.0.0",
  "lockfileVersion": 1,
  "requires": true,
  "dependencies": {
    "@headlessui/vue": {
      "version": "1.7.23",
      "resolved": "https://registry.npmmirror.com/@headlessui/vue/-/vue-1.7.23.tgz",
      "integrity": "sha512-JzdCNqurrtuu0YW6QaDtR2PIYCKPUWq28csDyMvN4zmGccmE7lz40Is6hc3LA4HFeCI7sekZ/PQMTNmn9I/4Wg==",
      "dev": true,
      "requires": {
        "@tanstack/vue-virtual": "^3.0.0-beta.60"
      }
    },
    "@heroicons/vue": {
      "version": "2.2.0",
      "resolved": "https://registry.npmmirror.com/@heroicons/vue/-/vue-2.2.0.tgz",
      "integrity": "sha512-G3dbSxoeEKqbi/DFalhRxJU4mTXJn7GwZ7ae8NuEQzd1bqdd0jAbdaBZlHPcvPD2xI1iGzNVB4k20Un2AguYPw==",
      "dev": true
    },
    "@tanstack/virtual-core": {
      "version": "3.13.12",
      "resolved": "https://registry.npmmirror.com/@tanstack/virtual-core/-/virtual-core-3.13.12.tgz",
      "integrity": "sha512-1YBOJfRHV4sXUmWsFSf5rQor4Ss82G8dQWLRbnk3GA4jeP8hQt1hxXh0tmflpC0dz3VgEv/1+qwPyLeWkQuPFA==",
      "dev": true
    },
    "@tanstack/vue-virtual": {
      "version": "3.13.12",
      "resolved": "https://registry.npmmirror.com/@tanstack/vue-virtual/-/vue-virtual-3.13.12.tgz",
      "integrity": "sha512-vhF7kEU9EXWXh+HdAwKJ2m3xaOnTTmgcdXcF2pim8g4GvI7eRrk2YRuV5nUlZnd/NbCIX4/Ja2OZu5EjJL06Ww==",
      "dev": true,
      "requires": {
        "@tanstack/virtual-core": "3.13.12"
      }
    },
    "@types/web-bluetooth": {
      "version": "0.0.21",
      "resolved": "https://registry.npmmirror.com/@types/web-bluetooth/-/web-bluetooth-0.0.21.tgz",
      "integrity": "sha512-oIQLCGWtcFZy2JW77j9k8nHzAOpqMHLQejDA48XXMWH6tjCQHz5RCFz1bzsmROyL6PUm+LLnUiI4BCn221inxA==",
      "dev": true
    },
    "@vue/devtools-api": {
      "version": "7.7.7",
      "resolved": "https://registry.npmmirror.com/@vue/devtools-api/-/devtools-api-7.7.7.tgz",
      "integrity": "sha512-lwOnNBH2e7x1fIIbVT7yF5D+YWhqELm55/4ZKf45R9T8r9dE2AIOy8HKjfqzGsoTHFbWbr337O4E0A0QADnjBg==",
      "dev": true,
      "requires": {
        "@vue/devtools-kit": "^7.7.7"
      }
    },
    "@vue/devtools-kit": {
      "version": "7.7.7",
      "resolved": "https://registry.npmmirror.com/@vue/devtools-kit/-/devtools-kit-7.7.7.tgz",
      "integrity": "sha512-wgoZtxcTta65cnZ1Q6MbAfePVFxfM+gq0saaeytoph7nEa7yMXoi6sCPy4ufO111B9msnw0VOWjPEFCXuAKRHA==",
      "dev": true,
      "requires": {
        "@vue/devtools-shared": "^7.7.7",
        "birpc": "^2.3.0",
        "hookable": "^5.5.3",
        "mitt": "^3.0.1",
        "perfect-debounce": "^1.0.0",
        "speakingurl": "^14.0.1",
        "superjson": "^2.2.2"
      }
    },
    "@vue/devtools-shared": {
      "version": "7.7.7",
      "resolved": "https://registry.npmmirror.com/@vue/devtools-shared/-/devtools-shared-7.7.7.tgz",
      "integrity": "sha512-+udSj47aRl5aKb0memBvcUG9koarqnxNM5yjuREvqwK6T3ap4mn3Zqqc17QrBFTqSMjr3HK1cvStEZpMDpfdyw==",
      "dev": true,
      "requires": {
        "rfdc": "^1.4.1"
      }
    },
    "@vueuse/core": {
      "version": "13.9.0",
      "resolved": "https://registry.npmmirror.com/@vueuse/core/-/core-13.9.0.tgz",
      "integrity": "sha512-ts3regBQyURfCE2BcytLqzm8+MmLlo5Ln/KLoxDVcsZ2gzIwVNnQpQOL/UKV8alUqjSZOlpFZcRNsLRqj+OzyA==",
      "dev": true,
      "requires": {
        "@types/web-bluetooth": "^0.0.21",
        "@vueuse/metadata": "13.9.0",
        "@vueuse/shared": "13.9.0"
      }
    },
    "@vueuse/metadata": {
      "version": "13.9.0",
      "resolved": "https://registry.npmmirror.com/@vueuse/metadata/-/metadata-13.9.0.tgz",
      "integrity": "sha512-1AFRvuiGphfF7yWixZa0KwjYH8ulyjDCC0aFgrGRz8+P4kvDFSdXLVfTk5xAN9wEuD1J6z4/myMoYbnHoX07zg==",
      "dev": true
    },
    "@vueuse/shared": {
      "version": "13.9.0",
      "resolved": "https://registry.npmmirror.com/@vueuse/shared/-/shared-13.9.0.tgz",
      "integrity": "sha512-e89uuTLMh0U5cZ9iDpEI2senqPGfbPRTHM/0AaQkcxnpqjkZqDYP8rpfm7edOz8s+pOCOROEy1PIveSW8+fL5g==",
      "dev": true
    },
    "autoprefixer": {
      "version": "10.4.21",
      "resolved": "https://registry.npmmirror.com/autoprefixer/-/autoprefixer-10.4.21.tgz",
      "integrity": "sha512-O+A6LWV5LDHSJD3LjHYoNi4VLsj/Whi7k6zG12xTYaU4cQ8oxQGckXNX8cRHK5yOZ/ppVHe0ZBXGzSV9jXdVbQ==",
      "dev": true,
      "requires": {
        "browserslist": "^4.24.4",
        "caniuse-lite": "^1.0.30001702",
        "fraction.js": "^4.3.7",
        "normalize-range": "^0.1.2",
        "picocolors": "^1.1.1",
        "postcss-value-parser": "^4.2.0"
      }
    },
    "birpc": {
      "version": "2.5.0",
      "resolved": "https://registry.npmmirror.com/birpc/-/birpc-2.5.0.tgz",
      "integrity": "sha512-VSWO/W6nNQdyP520F1mhf+Lc2f8pjGQOtoHHm7Ze8Go1kX7akpVIrtTa0fn+HB0QJEDVacl6aO08YE0PgXfdnQ==",
      "dev": true
    },
    "browserslist": {
      "version": "4.25.4",
      "resolved": "https://registry.npmmirror.com/browserslist/-/browserslist-4.25.4.tgz",
      "integrity": "sha512-4jYpcjabC606xJ3kw2QwGEZKX0Aw7sgQdZCvIK9dhVSPh76BKo+C+btT1RRofH7B+8iNpEbgGNVWiLki5q93yg==",
      "dev": true,
      "requires": {
        "caniuse-lite": "^1.0.30001737",
        "electron-to-chromium": "^1.5.211",
        "node-releases": "^2.0.19",
        "update-browserslist-db": "^1.1.3"
      }
    },
    "caniuse-lite": {
      "version": "1.0.30001739",
      "resolved": "https://registry.npmmirror.com/caniuse-lite/-/caniuse-lite-1.0.30001739.tgz",
      "integrity": "sha512-y+j60d6ulelrNSwpPyrHdl+9mJnQzHBr08xm48Qno0nSk4h3Qojh+ziv2qE6rXf4k3tadF4o1J/1tAbVm1NtnA==",
      "dev": true
    },
    "copy-anything": {
      "version": "3.0.5",
      "resolved": "https://registry.npmmirror.com/copy-anything/-/copy-anything-3.0.5.tgz",
      "integrity": "sha512-yCEafptTtb4bk7GLEQoM8KVJpxAfdBJYaXyzQEgQQQgYrZiDp8SJmGKlYza6CYjEDNstAdNdKA3UuoULlEbS6w==",
      "dev": true,
      "requires": {
        "is-what": "^4.1.8"
      }
    },
    "crypto-js": {
      "version": "4.2.0",
      "resolved": "https://registry.npmmirror.com/crypto-js/-/crypto-js-4.2.0.tgz",
      "integrity": "sha512-KALDyEYgpY+Rlob/iriUtjV6d5Eq+Y191A5g4UqLAi8CyGP9N1+FdVbkc1SxKc2r4YAYqG8JzO2KGL+AizD70Q==",
      "dev": true
    },
    "electron-to-chromium": {
      "version": "1.5.212",
      "resolved": "https://registry.npmmirror.com/electron-to-chromium/-/electron-to-chromium-1.5.212.tgz",
      "integrity": "sha512-gE7ErIzSW+d8jALWMcOIgf+IB6lpfsg6NwOhPVwKzDtN2qcBix47vlin4yzSregYDxTCXOUqAZjVY/Z3naS7ww==",
      "dev": true
    },
    "escalade": {
      "version": "3.2.0",
      "resolved": "https://registry.npmmirror.com/escalade/-/escalade-3.2.0.tgz",
      "integrity": "sha512-WUj2qlxaQtO4g6Pq5c29GTcWGDyd8itL8zTlipgECz3JesAiiOKotd8JU6otB3PACgG6xkJUyVhboMS+bje/jA==",
      "dev": true
    },
    "fraction.js": {
      "version": "4.3.7",
      "resolved": "https://registry.npmmirror.com/fraction.js/-/fraction.js-4.3.7.tgz",
      "integrity": "sha512-ZsDfxO51wGAXREY55a7la9LScWpwv9RxIrYABrlvOFBlH/ShPnrtsXeuUIfXKKOVicNxQ+o8JTbJvjS4M89yew==",
      "dev": true
    },
    "highlight.js": {
      "version": "11.11.1",
      "resolved": "https://registry.npmmirror.com/highlight.js/-/highlight.js-11.11.1.tgz",
      "integrity": "sha512-Xwwo44whKBVCYoliBQwaPvtd/2tYFkRQtXDWj1nackaV2JPXx3L0+Jvd8/qCJ2p+ML0/XVkJ2q+Mr+UVdpJK5w==",
      "dev": true
    },
    "hookable": {
      "version": "5.5.3",
      "resolved": "https://registry.npmmirror.com/hookable/-/hookable-5.5.3.tgz",
      "integrity": "sha512-Yc+BQe8SvoXH1643Qez1zqLRmbA5rCL+sSmk6TVos0LWVfNIB7PGncdlId77WzLGSIB5KaWgTaNTs2lNVEI6VQ==",
      "dev": true
    },
    "is-what": {
      "version": "4.1.16",
      "resolved": "https://registry.npmmirror.com/is-what/-/is-what-4.1.16.tgz",
      "integrity": "sha512-ZhMwEosbFJkA0YhFnNDgTM4ZxDRsS6HqTo7qsZM08fehyRYIYa0yHu5R6mgo1n/8MgaPBXiPimPD77baVFYg+A==",
      "dev": true
    },
    "mitt": {
      "version": "3.0.1",
      "resolved": "https://registry.npmmirror.com/mitt/-/mitt-3.0.1.tgz",
      "integrity": "sha512-vKivATfr97l2/QBCYAkXYDbrIWPM2IIKEl7YPhjCvKlG3kE2gm+uBo6nEXK3M5/Ffh/FLpKExzOQ3JJoJGFKBw==",
      "dev": true
    },
    "nanoid": {
      "version": "3.3.11",
      "resolved": "https://registry.npmmirror.com/nanoid/-/nanoid-3.3.11.tgz",
      "integrity": "sha512-N8SpfPUnUp1bK+PMYW8qSWdl9U+wwNWI4QKxOYDy9JAro3WMX7p2OeVRF9v+347pnakNevPmiHhNmZ2HbFA76w==",
      "dev": true
    },
    "node-releases": {
      "version": "2.0.19",
      "resolved": "https://registry.npmmirror.com/node-releases/-/node-releases-2.0.19.tgz",
      "integrity": "sha512-xxOWJsBKtzAq7DY0J+DTzuz58K8e7sJbdgwkbMWQe8UYB6ekmsQ45q0M/tJDsGaZmbC+l7n57UV8Hl5tHxO9uw==",
      "dev": true
    },
    "normalize-range": {
      "version": "0.1.2",
      "resolved": "https://registry.npmmirror.com/normalize-range/-/normalize-range-0.1.2.tgz",
      "integrity": "sha512-bdok/XvKII3nUpklnV6P2hxtMNrCboOjAcyBuQnWEhO665FwrSNRxU+AqpsyvO6LgGYPspN+lu5CLtw4jPRKNA==",
      "dev": true
    },
    "perfect-debounce": {
      "version": "1.0.0",
      "resolved": "https://registry.npmmirror.com/perfect-debounce/-/perfect-debounce-1.0.0.tgz",
      "integrity": "sha512-xCy9V055GLEqoFaHoC1SoLIaLmWctgCUaBaWxDZ7/Zx4CTyX7cJQLJOok/orfjZAh9kEYpjJa4d0KcJmCbctZA==",
      "dev": true
    },
    "picocolors": {
      "version": "1.1.1",
      "resolved": "https://registry.npmmirror.com/picocolors/-/picocolors-1.1.1.tgz",
      "integrity": "sha512-xceH2snhtb5M9liqDsmEw56le376mTZkEX/jEb/RxNFyegNul7eNslCXP9FDj/Lcu0X8KEyMceP2ntpaHrDEVA==",
      "dev": true
    },
    "pinia": {
      "version": "3.0.3",
      "resolved": "https://registry.npmmirror.com/pinia/-/pinia-3.0.3.tgz",
      "integrity": "sha512-ttXO/InUULUXkMHpTdp9Fj4hLpD/2AoJdmAbAeW2yu1iy1k+pkFekQXw5VpC0/5p51IOR/jDaDRfRWRnMMsGOA==",
      "dev": true,
      "requires": {
        "@vue/devtools-api": "^7.7.2"
      }
    },
    "postcss": {
      "version": "8.5.6",
      "resolved": "https://registry.npmmirror.com/postcss/-/postcss-8.5.6.tgz",
      "integrity": "sha512-3Ybi1tAuwAP9s0r1UQ2J4n5Y0G05bJkpUIO0/bI9MhwmD70S5aTWbXGBwxHrelT+XM1k6dM0pk+SwNkpTRN7Pg==",
      "dev": true,
      "requires": {
        "nanoid": "^3.3.11",
        "picocolors": "^1.1.1",
        "source-map-js": "^1.2.1"
      }
    },
    "postcss-value-parser": {
      "version": "4.2.0",
      "resolved": "https://registry.npmmirror.com/postcss-value-parser/-/postcss-value-parser-4.2.0.tgz",
      "integrity": "sha512-1NNCs6uurfkVbeXG4S8JFT9t19m45ICnif8zWLd5oPSZ50QnwMfK+H3jv408d4jw/7Bttv5axS5IiHoLaVNHeQ==",
      "dev": true
    },
    "rfdc": {
      "version": "1.4.1",
      "resolved": "https://registry.npmmirror.com/rfdc/-/rfdc-1.4.1.tgz",
      "integrity": "sha512-q1b3N5QkRUWUl7iyylaaj3kOpIT0N2i9MqIEQXP73GVsN9cw3fdx8X63cEmWhJGi2PPCF23Ijp7ktmd39rawIA==",
      "dev": true
    },
    "source-map-js": {
      "version": "1.2.1",
      "resolved": "https://registry.npmmirror.com/source-map-js/-/source-map-js-1.2.1.tgz",
      "integrity": "sha512-UXWMKhLOwVKb728IUtQPXxfYU+usdybtUrK/8uGE8CQMvrhOpwvzDBwj0QhSL7MQc7vIsISBG8VQ8+IDQxpfQA==",
      "dev": true
    },
    "speakingurl": {
      "version": "14.0.1",
      "resolved": "https://registry.npmmirror.com/speakingurl/-/speakingurl-14.0.1.tgz",
      "integrity": "sha512-1POYv7uv2gXoyGFpBCmpDVSNV74IfsWlDW216UPjbWufNf+bSU6GdbDsxdcxtfwb4xlI3yxzOTKClUosxARYrQ==",
      "dev": true
    },
    "superjson": {
      "version": "2.2.2",
      "resolved": "https://registry.npmmirror.com/superjson/-/superjson-2.2.2.tgz",
      "integrity": "sha512-5JRxVqC8I8NuOUjzBbvVJAKNM8qoVuH0O77h4WInc/qC2q5IreqKxYwgkga3PfA22OayK2ikceb/B26dztPl+Q==",
      "dev": true,
      "requires": {
        "copy-anything": "^3.0.2"
      }
    },
    "tailwindcss": {
      "version": "4.1.12",
      "resolved": "https://registry.npmmirror.com/tailwindcss/-/tailwindcss-4.1.12.tgz",
      "integrity": "sha512-DzFtxOi+7NsFf7DBtI3BJsynR+0Yp6etH+nRPTbpWnS2pZBaSksv/JGctNwSWzbFjp0vxSqknaUylseZqMDGrA==",
      "dev": true
    },
    "update-browserslist-db": {
      "version": "1.1.3",
      "resolved": "https://registry.npmmirror.com/update-browserslist-db/-/update-browserslist-db-1.1.3.tgz",
      "integrity": "sha512-UxhIZQ+QInVdunkDAaiazvvT/+fXL5Osr0JZlJulepYu6Jd7qJtDZjlur0emRlT71EN3ScPoE7gvsuIKKNavKw==",
      "dev": true,
      "requires": {
        "escalade": "^3.2.0",
        "picocolors": "^1.1.1"
      }
    },
    "uuid": {
      "version": "11.1.0",
      "resolved": "https://registry.npmmirror.com/uuid/-/uuid-11.1.0.tgz",
      "integrity": "sha512-0/A9rDy9P7cJ+8w1c9WD9V//9Wj15Ce2MPz8Ri6032usz+NfePxx5AcN3bN+r6ZL6jEo066/yNYB3tn4pQEx+A==",
      "dev": true
    }
  }
}
